
Microsoft Visual Studio Solution File, Format Version 12.00
# Visual Studio 15
VisualStudioVersion = 15.0.26730.12
MinimumVisualStudioVersion = 10.0.40219.1
Project("{FAE04EC0-301F-11D3-BF4B-00C04F79EFBC}") = "Compiladores", "Compiladores\Compiladores.csproj", "{20FD4B04-3B0E-45A6-97D3-557FF89B1249}"
EndProject
Global
	GlobalSection(SolutionConfigurationPlatforms) = preSolution
		Debug|Any CPU = Debug|Any CPU
		Release|Any CPU = Release|Any CPU
	EndGlobalSection
	GlobalSection(ProjectConfigurationPlatforms) = postSolution
		{20FD4B04-3B0E-45A6-97D3-557FF89B1249}.Debug|Any CPU.ActiveCfg = Debug|Any CPU
		{20FD4B04-3B0E-45A6-97D3-557FF89B1249}.Debug|Any CPU.Build.0 = Debug|Any CPU
		{20FD4B04-3B0E-45A6-97D3-557FF89B1249}.Release|Any CPU.ActiveCfg = Release|Any CPU
		{20FD4B04-3B0E-45A6-97D3-557FF89B1249}.Release|Any CPU.Build.0 = Release|Any CPU
	EndGlobalSection
	GlobalSection(SolutionProperties) = preSolution
		HideSolutionNode = FALSE
	EndGlobalSection
	GlobalSection(ExtensibilityGlobals) = postSolution
		SolutionGuid = {431731BE-A65C-43AE-BD51-10619E40AAFC}
	EndGlobalSection
EndGlobal
